
Microsoft Visual Studio Solution File, Format Version 12.00
# Visual Studio Version 16
VisualStudioVersion = 16.0.31019.35
MinimumVisualStudioVersion = 10.0.40219.1
Project("{FAE04EC0-301F-11D3-BF4B-00C04F79EFBC}") = "Moon_NUnit", "Moon_NUnit\Moon_NUnit.csproj", "{9BA58D65-E861-427F-80D8-B6C314DF9FFC}"
EndProject
Global
	GlobalSection(SolutionConfigurationPlatforms) = preSolution
		Debug|Any CPU = Debug|Any CPU
		Release|Any CPU = Release|Any CPU
	EndGlobalSection
	GlobalSection(ProjectConfigurationPlatforms) = postSolution
		{9BA58D65-E861-427F-80D8-B6C314DF9FFC}.Debug|Any CPU.ActiveCfg = Debug|Any CPU
		{9BA58D65-E861-427F-80D8-B6C314DF9FFC}.Debug|Any CPU.Build.0 = Debug|Any CPU
		{9BA58D65-E861-427F-80D8-B6C314DF9FFC}.Release|Any CPU.ActiveCfg = Release|Any CPU
		{9BA58D65-E861-427F-80D8-B6C314DF9FFC}.Release|Any CPU.Build.0 = Release|Any CPU
	EndGlobalSection
	GlobalSection(SolutionProperties) = preSolution
		HideSolutionNode = FALSE
	EndGlobalSection
	GlobalSection(ExtensibilityGlobals) = postSolution
		SolutionGuid = {09D9751B-ECBE-4465-BBCB-B55988DD58B6}
	EndGlobalSection
EndGlobal
